Microsoft Visual Studio Solution File, Format Version 11.00
# Visual Studio 2008

Project("{80EC8C1B-943B-4F15-01C7-E67BED569D91}") = "TribeToSurvive", "Assembly-CSharp.csproj", "{31C771E2-F3F9-E385-3393-C135A92C8055}"
EndProject
Global
	GlobalSection(SolutionConfigurationPlatforms) = preSolution
		Debug|Any CPU = Debug|Any CPU
		Release|Any CPU = Release|Any CPU
	EndGlobalSection
	GlobalSection(ProjectConfigurationPlatforms) = postSolution
		{31C771E2-F3F9-E385-3393-C135A92C8055}.Debug|Any CPU.ActiveCfg = Debug|Any CPU
		{31C771E2-F3F9-E385-3393-C135A92C8055}.Debug|Any CPU.Build.0 = Debug|Any CPU
		{31C771E2-F3F9-E385-3393-C135A92C8055}.Release|Any CPU.ActiveCfg = Release|Any CPU
		{31C771E2-F3F9-E385-3393-C135A92C8055}.Release|Any CPU.Build.0 = Release|Any CPU
	EndGlobalSection
	GlobalSection(SolutionProperties) = preSolution
		HideSolutionNode = FALSE
	EndGlobalSection
	GlobalSection(MonoDevelopProperties) = preSolution
		StartupItem = Assembly-CSharp.csproj
	EndGlobalSection
EndGlobal
